
Microsoft Visual Studio Solution File, Format Version 12.00
# Visual Studio Version 16
VisualStudioVersion = 16.0.29709.97
MinimumVisualStudioVersion = 10.0.40219.1
Project("{FAE04EC0-301F-11D3-BF4B-00C04F79EFBC}") = "Collections1", "Collections1.csproj", "{FBE22C2F-CBDA-4F25-B9D7-F023332CFC9D}"
EndProject
Global
	GlobalSection(SolutionConfigurationPlatforms) = preSolution
		Debug|Any CPU = Debug|Any CPU
		Release|Any CPU = Release|Any CPU
	EndGlobalSection
	GlobalSection(ProjectConfigurationPlatforms) = postSolution
		{FBE22C2F-CBDA-4F25-B9D7-F023332CFC9D}.Debug|Any CPU.ActiveCfg = Debug|Any CPU
		{FBE22C2F-CBDA-4F25-B9D7-F023332CFC9D}.Debug|Any CPU.Build.0 = Debug|Any CPU
		{FBE22C2F-CBDA-4F25-B9D7-F023332CFC9D}.Release|Any CPU.ActiveCfg = Release|Any CPU
		{FBE22C2F-CBDA-4F25-B9D7-F023332CFC9D}.Release|Any CPU.Build.0 = Release|Any CPU
	EndGlobalSection
	GlobalSection(SolutionProperties) = preSolution
		HideSolutionNode = FALSE
	EndGlobalSection
	GlobalSection(ExtensibilityGlobals) = postSolution
		SolutionGuid = {C62446FF-D44A-4B5E-ADF4-33EEC667941F}
	EndGlobalSection
EndGlobal
